
Microsoft Visual Studio Solution File, Format Version 12.00
Project("{FAE04EC0-301F-11D3-BF4B-00C04F79EFBC}") = "LudereAI.WPF", "LudereAI.WPF\LudereAI.WPF.csproj", "{5219F13C-8DE3-4BFD-AE38-238DC708BCAA}"
EndProject
Project("{FAE04EC0-301F-11D3-BF4B-00C04F79EFBC}") = "LudereAI.Shared", "LudereAI.Shared\LudereAI.Shared.csproj", "{7556CBD1-F0C0-4B6E-B6B4-E387371D86CA}"
EndProject
Project("{FAE04EC0-301F-11D3-BF4B-00C04F79EFBC}") = "LudereAI.Core", "LudereAI.Core\LudereAI.Core.csproj", "{90C23A10-F581-4AE0-95E4-CB04F44A953E}"
EndProject
Project("{FAE04EC0-301F-11D3-BF4B-00C04F79EFBC}") = "LudereAI.Services", "LudereAI.Services\LudereAI.Services.csproj", "{B34CC29B-CAEE-42D7-971E-670F5D6AA3B6}"
EndProject
Global
	GlobalSection(SolutionConfigurationPlatforms) = preSolution
		Debug|Any CPU = Debug|Any CPU
		Release|Any CPU = Release|Any CPU
	EndGlobalSection
	GlobalSection(ProjectConfigurationPlatforms) = postSolution
		{5219F13C-8DE3-4BFD-AE38-238DC708BCAA}.Debug|Any CPU.ActiveCfg = Debug|Any CPU
		{5219F13C-8DE3-4BFD-AE38-238DC708BCAA}.Debug|Any CPU.Build.0 = Debug|Any CPU
		{5219F13C-8DE3-4BFD-AE38-238DC708BCAA}.Release|Any CPU.ActiveCfg = Release|Any CPU
		{5219F13C-8DE3-4BFD-AE38-238DC708BCAA}.Release|Any CPU.Build.0 = Release|Any CPU
		{7556CBD1-F0C0-4B6E-B6B4-E387371D86CA}.Debug|Any CPU.ActiveCfg = Debug|Any CPU
		{7556CBD1-F0C0-4B6E-B6B4-E387371D86CA}.Debug|Any CPU.Build.0 = Debug|Any CPU
		{7556CBD1-F0C0-4B6E-B6B4-E387371D86CA}.Release|Any CPU.ActiveCfg = Release|Any CPU
		{7556CBD1-F0C0-4B6E-B6B4-E387371D86CA}.Release|Any CPU.Build.0 = Release|Any CPU
		{90C23A10-F581-4AE0-95E4-CB04F44A953E}.Debug|Any CPU.ActiveCfg = Debug|Any CPU
		{90C23A10-F581-4AE0-95E4-CB04F44A953E}.Debug|Any CPU.Build.0 = Debug|Any CPU
		{90C23A10-F581-4AE0-95E4-CB04F44A953E}.Release|Any CPU.ActiveCfg = Release|Any CPU
		{90C23A10-F581-4AE0-95E4-CB04F44A953E}.Release|Any CPU.Build.0 = Release|Any CPU
		{B34CC29B-CAEE-42D7-971E-670F5D6AA3B6}.Debug|Any CPU.ActiveCfg = Debug|Any CPU
		{B34CC29B-CAEE-42D7-971E-670F5D6AA3B6}.Debug|Any CPU.Build.0 = Debug|Any CPU
		{B34CC29B-CAEE-42D7-971E-670F5D6AA3B6}.Release|Any CPU.ActiveCfg = Release|Any CPU
		{B34CC29B-CAEE-42D7-971E-670F5D6AA3B6}.Release|Any CPU.Build.0 = Release|Any CPU
	EndGlobalSection
	GlobalSection(NestedProjects) = preSolution
	EndGlobalSection
EndGlobal
